PODS:
  - Flutter (1.0.0)
  - push (0.0.1):
    - Flutter
    - FlutterMacOS

DEPENDENCIES:
  - Flutter (from `Flutter`)
  - push (from `.symlinks/plugins/push/darwin`)

EXTERNAL SOURCES:
  Flutter:
    :path: Flutter
  push:
    :path: ".symlinks/plugins/push/darwin"

SPEC CHECKSUMS:
  Flutter: cabc95a1d2626b1b06e7179b784ebcf0c0cde467
  push: 91373ae39c5341c6de6adefa3fda7f7287d646bf

PODFILE CHECKSUM: f3734cf2c64ab93db34ebd0461528389a119c1e8

COCOAPODS: 1.16.2
